{
  "requires": true,
  "lockfileVersion": 1,
  "dependencies": {
    "@webgpu/types": {
      "version": "0.1.4",
      "resolved": "https://registry.npmjs.org/@webgpu/types/-/types-0.1.4.tgz",
      "integrity": "sha512-nR0L4xBKUSksLKdFVxcshBL2M9ofAWneYYmK5/5iQJukY4q8a9hcXJwvH7QKQemiK3jxXuCMPkDzFCu/1+5Xvg=="
    }
  }
}
